
Microsoft Visual Studio Solution File, Format Version 12.00
# Visual Studio 2012
Project("{FAE04EC0-301F-11D3-BF4B-00C04F79EFBC}") = "BMICalcualtor", "BMICalcualtor\BMICalcualtor.csproj", "{FEF8814A-8EC8-4308-8B9A-7AC40D2B13C2}"
EndProject
Global
	GlobalSection(SolutionConfigurationPlatforms) = preSolution
		Debug|iPhoneSimulator = Debug|iPhoneSimulator
		Release|iPhone = Release|iPhone
		Release|iPhoneSimulator = Release|iPhoneSimulator
		Debug|iPhone = Debug|iPhone
	EndGlobalSection
	GlobalSection(ProjectConfigurationPlatforms) = postSolution
		{FEF8814A-8EC8-4308-8B9A-7AC40D2B13C2}.Debug|iPhoneSimulator.ActiveCfg = Debug|iPhoneSimulator
		{FEF8814A-8EC8-4308-8B9A-7AC40D2B13C2}.Debug|iPhoneSimulator.Build.0 = Debug|iPhoneSimulator
		{FEF8814A-8EC8-4308-8B9A-7AC40D2B13C2}.Release|iPhone.ActiveCfg = Release|iPhone
		{FEF8814A-8EC8-4308-8B9A-7AC40D2B13C2}.Release|iPhone.Build.0 = Release|iPhone
		{FEF8814A-8EC8-4308-8B9A-7AC40D2B13C2}.Release|iPhoneSimulator.ActiveCfg = Release|iPhoneSimulator
		{FEF8814A-8EC8-4308-8B9A-7AC40D2B13C2}.Release|iPhoneSimulator.Build.0 = Release|iPhoneSimulator
		{FEF8814A-8EC8-4308-8B9A-7AC40D2B13C2}.Debug|iPhone.ActiveCfg = Debug|iPhone
		{FEF8814A-8EC8-4308-8B9A-7AC40D2B13C2}.Debug|iPhone.Build.0 = Debug|iPhone
	EndGlobalSection
EndGlobal
